
Microsoft Visual Studio Solution File, Format Version 12.00
# Visual Studio 15
VisualStudioVersion = 15.0.34031.82
MinimumVisualStudioVersion = 10.0.40219.1
Project("{8BC9CEB8-8B4A-11D0-8D11-00A0C91BC942}") = "P19", "P19\P19.vcxproj", "{32ADF934-C738-46E7-A599-88ED4149EE0B}"
EndProject
Global
	GlobalSection(SolutionConfigurationPlatforms) = preSolution
		Debug|x64 = Debug|x64
		Debug|x86 = Debug|x86
		Release|x64 = Release|x64
		Release|x86 = Release|x86
	EndGlobalSection
	GlobalSection(ProjectConfigurationPlatforms) = postSolution
		{32ADF934-C738-46E7-A599-88ED4149EE0B}.Debug|x64.ActiveCfg = Debug|x64
		{32ADF934-C738-46E7-A599-88ED4149EE0B}.Debug|x64.Build.0 = Debug|x64
		{32ADF934-C738-46E7-A599-88ED4149EE0B}.Debug|x86.ActiveCfg = Debug|Win32
		{32ADF934-C738-46E7-A599-88ED4149EE0B}.Debug|x86.Build.0 = Debug|Win32
		{32ADF934-C738-46E7-A599-88ED4149EE0B}.Release|x64.ActiveCfg = Release|x64
		{32ADF934-C738-46E7-A599-88ED4149EE0B}.Release|x64.Build.0 = Release|x64
		{32ADF934-C738-46E7-A599-88ED4149EE0B}.Release|x86.ActiveCfg = Release|Win32
		{32ADF934-C738-46E7-A599-88ED4149EE0B}.Release|x86.Build.0 = Release|Win32
	EndGlobalSection
	GlobalSection(SolutionProperties) = preSolution
		HideSolutionNode = FALSE
	EndGlobalSection
	GlobalSection(ExtensibilityGlobals) = postSolution
		SolutionGuid = {26127E39-5194-4B04-B386-792355BE1327}
	EndGlobalSection
EndGlobal
